
Microsoft Visual Studio Solution File, Format Version 12.00
# Visual Studio 14
VisualStudioVersion = 14.0.25420.1
MinimumVisualStudioVersion = 10.0.40219.1
Project("{FAE04EC0-301F-11D3-BF4B-00C04F79EFBC}") = "MyBlogContract", "MyBlogContract\MyBlogContract.csproj", "{D1136B08-E511-4FCA-9B67-EF2853E0ECCA}"
EndProject
Project("{FAE04EC0-301F-11D3-BF4B-00C04F79EFBC}") = "PluginTextPostType", "PluginTextPostType\PluginTextPostType.csproj", "{F4040149-89C0-4EA8-97EB-68E1CAF9FE1D}"
EndProject
Project("{FAE04EC0-301F-11D3-BF4B-00C04F79EFBC}") = "MyBlog", "MyBlog\MyBlog.csproj", "{CE6EE6E1-C71E-4E0E-A6D4-F7BBD0E3DC1D}"
EndProject
Project("{FAE04EC0-301F-11D3-BF4B-00C04F79EFBC}") = "PluginImagePostType", "PluginImagePostType\PluginImagePostType.csproj", "{6B18991E-78C9-4F1D-BB08-95C913D55003}"
EndProject
Project("{FAE04EC0-301F-11D3-BF4B-00C04F79EFBC}") = "PluginTextPostType.Test", "PluginTextPostType.Test\PluginTextPostType.Test.csproj", "{3494DEBB-1A2A-4658-BD12-5B1AA860E7BE}"
EndProject
Project("{FAE04EC0-301F-11D3-BF4B-00C04F79EFBC}") = "PluginImagePostType.Tests", "PluginImagePostType.Tests\PluginImagePostType.Tests.csproj", "{7A914DFF-C4EB-4E40-B4E6-479F57BE7325}"
EndProject
Project("{FAE04EC0-301F-11D3-BF4B-00C04F79EFBC}") = "MyBlog.Tests", "MyBlog.Tests\MyBlog.Tests.csproj", "{14BD41E7-F530-4ABE-9255-104E667389C5}"
EndProject
Project("{FAE04EC0-301F-11D3-BF4B-00C04F79EFBC}") = "PluginTag", "PluginTag\PluginTag\PluginTag.csproj", "{2D9D7F53-69DE-4DB8-9164-2F0DE97E4BDA}"
EndProject
Global
	GlobalSection(SolutionConfigurationPlatforms) = preSolution
		Debug|Any CPU = Debug|Any CPU
		Debug|x86 = Debug|x86
		Release|Any CPU = Release|Any CPU
		Release|x86 = Release|x86
	EndGlobalSection
	GlobalSection(ProjectConfigurationPlatforms) = postSolution
		{D1136B08-E511-4FCA-9B67-EF2853E0ECCA}.Debug|Any CPU.ActiveCfg = Debug|Any CPU
		{D1136B08-E511-4FCA-9B67-EF2853E0ECCA}.Debug|Any CPU.Build.0 = Debug|Any CPU
		{D1136B08-E511-4FCA-9B67-EF2853E0ECCA}.Debug|x86.ActiveCfg = Debug|Any CPU
		{D1136B08-E511-4FCA-9B67-EF2853E0ECCA}.Debug|x86.Build.0 = Debug|Any CPU
		{D1136B08-E511-4FCA-9B67-EF2853E0ECCA}.Release|Any CPU.ActiveCfg = Release|Any CPU
		{D1136B08-E511-4FCA-9B67-EF2853E0ECCA}.Release|Any CPU.Build.0 = Release|Any CPU
		{D1136B08-E511-4FCA-9B67-EF2853E0ECCA}.Release|x86.ActiveCfg = Release|Any CPU
		{D1136B08-E511-4FCA-9B67-EF2853E0ECCA}.Release|x86.Build.0 = Release|Any CPU
		{F4040149-89C0-4EA8-97EB-68E1CAF9FE1D}.Debug|Any CPU.ActiveCfg = Debug|Any CPU
		{F4040149-89C0-4EA8-97EB-68E1CAF9FE1D}.Debug|Any CPU.Build.0 = Debug|Any CPU
		{F4040149-89C0-4EA8-97EB-68E1CAF9FE1D}.Debug|x86.ActiveCfg = Debug|Any CPU
		{F4040149-89C0-4EA8-97EB-68E1CAF9FE1D}.Debug|x86.Build.0 = Debug|Any CPU
		{F4040149-89C0-4EA8-97EB-68E1CAF9FE1D}.Release|Any CPU.ActiveCfg = Release|Any CPU
		{F4040149-89C0-4EA8-97EB-68E1CAF9FE1D}.Release|Any CPU.Build.0 = Release|Any CPU
		{F4040149-89C0-4EA8-97EB-68E1CAF9FE1D}.Release|x86.ActiveCfg = Release|Any CPU
		{F4040149-89C0-4EA8-97EB-68E1CAF9FE1D}.Release|x86.Build.0 = Release|Any CPU
		{CE6EE6E1-C71E-4E0E-A6D4-F7BBD0E3DC1D}.Debug|Any CPU.ActiveCfg = Debug|Any CPU
		{CE6EE6E1-C71E-4E0E-A6D4-F7BBD0E3DC1D}.Debug|Any CPU.Build.0 = Debug|Any CPU
		{CE6EE6E1-C71E-4E0E-A6D4-F7BBD0E3DC1D}.Debug|x86.ActiveCfg = Debug|Any CPU
		{CE6EE6E1-C71E-4E0E-A6D4-F7BBD0E3DC1D}.Debug|x86.Build.0 = Debug|Any CPU
		{CE6EE6E1-C71E-4E0E-A6D4-F7BBD0E3DC1D}.Release|Any CPU.ActiveCfg = Release|Any CPU
		{CE6EE6E1-C71E-4E0E-A6D4-F7BBD0E3DC1D}.Release|Any CPU.Build.0 = Release|Any CPU
		{CE6EE6E1-C71E-4E0E-A6D4-F7BBD0E3DC1D}.Release|x86.ActiveCfg = Release|Any CPU
		{CE6EE6E1-C71E-4E0E-A6D4-F7BBD0E3DC1D}.Release|x86.Build.0 = Release|Any CPU
		{6B18991E-78C9-4F1D-BB08-95C913D55003}.Debug|Any CPU.ActiveCfg = Debug|Any CPU
		{6B18991E-78C9-4F1D-BB08-95C913D55003}.Debug|Any CPU.Build.0 = Debug|Any CPU
		{6B18991E-78C9-4F1D-BB08-95C913D55003}.Debug|x86.ActiveCfg = Debug|Any CPU
		{6B18991E-78C9-4F1D-BB08-95C913D55003}.Debug|x86.Build.0 = Debug|Any CPU
		{6B18991E-78C9-4F1D-BB08-95C913D55003}.Release|Any CPU.ActiveCfg = Release|Any CPU
		{6B18991E-78C9-4F1D-BB08-95C913D55003}.Release|Any CPU.Build.0 = Release|Any CPU
		{6B18991E-78C9-4F1D-BB08-95C913D55003}.Release|x86.ActiveCfg = Release|Any CPU
		{6B18991E-78C9-4F1D-BB08-95C913D55003}.Release|x86.Build.0 = Release|Any CPU
		{3494DEBB-1A2A-4658-BD12-5B1AA860E7BE}.Debug|Any CPU.ActiveCfg = Debug|Any CPU
		{3494DEBB-1A2A-4658-BD12-5B1AA860E7BE}.Debug|Any CPU.Build.0 = Debug|Any CPU
		{3494DEBB-1A2A-4658-BD12-5B1AA860E7BE}.Debug|x86.ActiveCfg = Debug|Any CPU
		{3494DEBB-1A2A-4658-BD12-5B1AA860E7BE}.Debug|x86.Build.0 = Debug|Any CPU
		{3494DEBB-1A2A-4658-BD12-5B1AA860E7BE}.Release|Any CPU.ActiveCfg = Release|Any CPU
		{3494DEBB-1A2A-4658-BD12-5B1AA860E7BE}.Release|Any CPU.Build.0 = Release|Any CPU
		{3494DEBB-1A2A-4658-BD12-5B1AA860E7BE}.Release|x86.ActiveCfg = Release|Any CPU
		{3494DEBB-1A2A-4658-BD12-5B1AA860E7BE}.Release|x86.Build.0 = Release|Any CPU
		{7A914DFF-C4EB-4E40-B4E6-479F57BE7325}.Debug|Any CPU.ActiveCfg = Debug|Any CPU
		{7A914DFF-C4EB-4E40-B4E6-479F57BE7325}.Debug|Any CPU.Build.0 = Debug|Any CPU
		{7A914DFF-C4EB-4E40-B4E6-479F57BE7325}.Debug|x86.ActiveCfg = Debug|Any CPU
		{7A914DFF-C4EB-4E40-B4E6-479F57BE7325}.Debug|x86.Build.0 = Debug|Any CPU
		{7A914DFF-C4EB-4E40-B4E6-479F57BE7325}.Release|Any CPU.ActiveCfg = Release|Any CPU
		{7A914DFF-C4EB-4E40-B4E6-479F57BE7325}.Release|Any CPU.Build.0 = Release|Any CPU
		{7A914DFF-C4EB-4E40-B4E6-479F57BE7325}.Release|x86.ActiveCfg = Release|Any CPU
		{7A914DFF-C4EB-4E40-B4E6-479F57BE7325}.Release|x86.Build.0 = Release|Any CPU
		{14BD41E7-F530-4ABE-9255-104E667389C5}.Debug|Any CPU.ActiveCfg = Debug|Any CPU
		{14BD41E7-F530-4ABE-9255-104E667389C5}.Debug|Any CPU.Build.0 = Debug|Any CPU
		{14BD41E7-F530-4ABE-9255-104E667389C5}.Debug|x86.ActiveCfg = Debug|Any CPU
		{14BD41E7-F530-4ABE-9255-104E667389C5}.Debug|x86.Build.0 = Debug|Any CPU
		{14BD41E7-F530-4ABE-9255-104E667389C5}.Release|Any CPU.ActiveCfg = Release|Any CPU
		{14BD41E7-F530-4ABE-9255-104E667389C5}.Release|Any CPU.Build.0 = Release|Any CPU
		{14BD41E7-F530-4ABE-9255-104E667389C5}.Release|x86.ActiveCfg = Release|Any CPU
		{14BD41E7-F530-4ABE-9255-104E667389C5}.Release|x86.Build.0 = Release|Any CPU
		{2D9D7F53-69DE-4DB8-9164-2F0DE97E4BDA}.Debug|Any CPU.ActiveCfg = Debug|Any CPU
		{2D9D7F53-69DE-4DB8-9164-2F0DE97E4BDA}.Debug|Any CPU.Build.0 = Debug|Any CPU
		{2D9D7F53-69DE-4DB8-9164-2F0DE97E4BDA}.Debug|x86.ActiveCfg = Debug|Any CPU
		{2D9D7F53-69DE-4DB8-9164-2F0DE97E4BDA}.Debug|x86.Build.0 = Debug|Any CPU
		{2D9D7F53-69DE-4DB8-9164-2F0DE97E4BDA}.Release|Any CPU.ActiveCfg = Release|Any CPU
		{2D9D7F53-69DE-4DB8-9164-2F0DE97E4BDA}.Release|Any CPU.Build.0 = Release|Any CPU
		{2D9D7F53-69DE-4DB8-9164-2F0DE97E4BDA}.Release|x86.ActiveCfg = Release|Any CPU
		{2D9D7F53-69DE-4DB8-9164-2F0DE97E4BDA}.Release|x86.Build.0 = Release|Any CPU
	EndGlobalSection
	GlobalSection(SolutionProperties) = preSolution
		HideSolutionNode = FALSE
	EndGlobalSection
EndGlobal
